// !$*UTF8*$!
{
	archiveVersion = 1;
	classes = {
	};
	objectVersion = 51;
	objects = {

/* Begin PBXBuildFile section */
		4BBF3CB782951B80D56B6EEA /* Pods_Weather.framework in Frameworks */ = {isa = PBXBuildFile; fileRef = 6AB4A93A5193F14C0ACF2649 /* Pods_Weather.framework */; };
		52483500229DBCC300F55B27 /* AppDelegate.swift in Sources */ = {isa = PBXBuildFile; fileRef = 524834FF229DBCC300F55B27 /* AppDelegate.swift */; };
		52483502229DBCC300F55B27 /* ViewController.swift in Sources */ = {isa = PBXBuildFile; fileRef = 52483501229DBCC300F55B27 /* ViewController.swift */; };
		52483505229DBCC300F55B27 /* Main.storyboard in Resources */ = {isa = PBXBuildFile; fileRef = 52483503229DBCC300F55B27 /* Main.storyboard */; };
		52483507229DBCC400F55B27 /* Assets.xcassets in Resources */ = {isa = PBXBuildFile; fileRef = 52483506229DBCC400F55B27 /* Assets.xcassets */; };
		5248350A229DBCC400F55B27 /* LaunchScreen.storyboard in Resources */ = {isa = PBXBuildFile; fileRef = 52483508229DBCC400F55B27 /* LaunchScreen.storyboard */; };
		52483514229DBFAA00F55B27 /* ForecastTableViewController.swift in Sources */ = {isa = PBXBuildFile; fileRef = 52483513229DBFAA00F55B27 /* ForecastTableViewController.swift */; };
		52483516229DBFCC00F55B27 /* DailyForecastTableViewCell.swift in Sources */ = {isa = PBXBuildFile; fileRef = 52483515229DBFCC00F55B27 /* DailyForecastTableViewCell.swift */; };
		52483519229DC68B00F55B27 /* forecast.json in Resources */ = {isa = PBXBuildFile; fileRef = 52483518229DC68B00F55B27 /* forecast.json */; };
		5248351C229DC8CC00F55B27 /* Forecast.swift in Sources */ = {isa = PBXBuildFile; fileRef = 5248351B229DC8CC00F55B27 /* Forecast.swift */; };
		5248351E229DCAA600F55B27 /* Podfile in Resources */ = {isa = PBXBuildFile; fileRef = 5248351D229DCAA600F55B27 /* Podfile */; };
		5249D26E229DCECD00810730 /* LocationService.swift in Sources */ = {isa = PBXBuildFile; fileRef = 5249D26D229DCECD00810730 /* LocationService.swift */; };
		5249D270229DD41100810730 /* ForecastProvider.swift in Sources */ = {isa = PBXBuildFile; fileRef = 5249D26F229DD41100810730 /* ForecastProvider.swift */; };
		5249D273229DD5DB00810730 /* Debug-Config.xcconfig in Resources */ = {isa = PBXBuildFile; fileRef = 5249D272229DD5DB00810730 /* Debug-Config.xcconfig */; };
		5249D275229DD90800810730 /* DailyForecastViewModel.swift in Sources */ = {isa = PBXBuildFile; fileRef = 5249D274229DD90800810730 /* DailyForecastViewModel.swift */; };
/* End PBXBuildFile section */

/* Begin PBXFileReference section */
		524834FC229DBCC300F55B27 /* Weather.app */ = {isa = PBXFileReference; explicitFileType = wrapper.application; includeInIndex = 0; path = Weather.app; sourceTree = BUILT_PRODUCTS_DIR; };
		524834FF229DBCC300F55B27 /* AppDelegate.swift */ = {isa = PBXFileReference; lastKnownFileType = sourcecode.swift; path = AppDelegate.swift; sourceTree = "<group>"; };
		52483501229DBCC300F55B27 /* ViewController.swift */ = {isa = PBXFileReference; lastKnownFileType = sourcecode.swift; path = ViewController.swift; sourceTree = "<group>"; };
		52483504229DBCC300F55B27 /* Base */ = {isa = PBXFileReference; lastKnownFileType = file.storyboard; name = Base; path = Base.lproj/Main.storyboard; sourceTree = "<group>"; };
		52483506229DBCC400F55B27 /* Assets.xcassets */ = {isa = PBXFileReference; lastKnownFileType = folder.assetcatalog; path = Assets.xcassets; sourceTree = "<group>"; };
		52483509229DBCC400F55B27 /* Base */ = {isa = PBXFileReference; lastKnownFileType = file.storyboard; name = Base; path = Base.lproj/LaunchScreen.storyboard; sourceTree = "<group>"; };
		5248350B229DBCC400F55B27 /* Info.plist */ = {isa = PBXFileReference; lastKnownFileType = text.plist.xml; path = Info.plist; sourceTree = "<group>"; };
		52483513229DBFAA00F55B27 /* ForecastTableViewController.swift */ = {isa = PBXFileReference; lastKnownFileType = sourcecode.swift; path = ForecastTableViewController.swift; sourceTree = "<group>"; };
		52483515229DBFCC00F55B27 /* DailyForecastTableViewCell.swift */ = {isa = PBXFileReference; lastKnownFileType = sourcecode.swift; path = DailyForecastTableViewCell.swift; sourceTree = "<group>"; };
		52483518229DC68B00F55B27 /* forecast.json */ = {isa = PBXFileReference; lastKnownFileType = text.json; path = forecast.json; sourceTree = "<group>"; };
		5248351B229DC8CC00F55B27 /* Forecast.swift */ = {isa = PBXFileReference; fileEncoding = 4; lastKnownFileType = sourcecode.swift; path = Forecast.swift; sourceTree = "<group>"; };
		5248351D229DCAA600F55B27 /* Podfile */ = {isa = PBXFileReference; lastKnownFileType = text; path = Podfile; sourceTree = "<group>"; xcLanguageSpecificationIdentifier = xcode.lang.ruby; };
		5249D26D229DCECD00810730 /* LocationService.swift */ = {isa = PBXFileReference; lastKnownFileType = sourcecode.swift; path = LocationService.swift; sourceTree = "<group>"; };
		5249D26F229DD41100810730 /* ForecastProvider.swift */ = {isa = PBXFileReference; lastKnownFileType = sourcecode.swift; path = ForecastProvider.swift; sourceTree = "<group>"; };
		5249D272229DD5DB00810730 /* Debug-Config.xcconfig */ = {isa = PBXFileReference; lastKnownFileType = text.xcconfig; path = "Debug-Config.xcconfig"; sourceTree = "<group>"; };
		5249D274229DD90800810730 /* DailyForecastViewModel.swift */ = {isa = PBXFileReference; lastKnownFileType = sourcecode.swift; path = DailyForecastViewModel.swift; sourceTree = "<group>"; };
		6AB4A93A5193F14C0ACF2649 /* Pods_Weather.framework */ = {isa = PBXFileReference; explicitFileType = wrapper.framework; includeInIndex = 0; path = Pods_Weather.framework; sourceTree = BUILT_PRODUCTS_DIR; };
		7680A7A22543C651549FCE15 /* Pods-Weather.debug.xcconfig */ = {isa = PBXFileReference; includeInIndex = 1; lastKnownFileType = text.xcconfig; name = "Pods-Weather.debug.xcconfig"; path = "Target Support Files/Pods-Weather/Pods-Weather.debug.xcconfig"; sourceTree = "<group>"; };
		82BE7D2BC8B8DECDAE5E9D9E /* Pods-Weather.release.xcconfig */ = {isa = PBXFileReference; includeInIndex = 1; lastKnownFileType = text.xcconfig; name = "Pods-Weather.release.xcconfig"; path = "Target Support Files/Pods-Weather/Pods-Weather.release.xcconfig"; sourceTree = "<group>"; };
/* End PBXFileReference section */

/* Begin PBXFrameworksBuildPhase section */
		524834F9229DBCC300F55B27 /* Frameworks */ = {
			isa = PBXFrameworksBuildPhase;
			buildActionMask = 2147483647;
			files = (
				4BBF3CB782951B80D56B6EEA /* Pods_Weather.framework in Frameworks */,
			);
			runOnlyForDeploymentPostprocessing = 0;
		};
/* End PBXFrameworksBuildPhase section */

/* Begin PBXGroup section */
		0ACC4FC6589EC58376309593 /* Pods */ = {
			isa = PBXGroup;
			children = (
				7680A7A22543C651549FCE15 /* Pods-Weather.debug.xcconfig */,
				82BE7D2BC8B8DECDAE5E9D9E /* Pods-Weather.release.xcconfig */,
			);
			path = Pods;
			sourceTree = "<group>";
		};
		524834F3229DBCC300F55B27 = {
			isa = PBXGroup;
			children = (
				5248351D229DCAA600F55B27 /* Podfile */,
				524834FE229DBCC300F55B27 /* Weather */,
				524834FD229DBCC300F55B27 /* Products */,
				0ACC4FC6589EC58376309593 /* Pods */,
				DBB98DEF8BFB95C1F9232067 /* Frameworks */,
			);
			sourceTree = "<group>";
		};
		524834FD229DBCC300F55B27 /* Products */ = {
			isa = PBXGroup;
			children = (
				524834FC229DBCC300F55B27 /* Weather.app */,
			);
			name = Products;
			sourceTree = "<group>";
		};
		524834FE229DBCC300F55B27 /* Weather */ = {
			isa = PBXGroup;
			children = (
				5249D271229DD5CA00810730 /* Config */,
				5249D26C229DCEB800810730 /* Services */,
				5248351B229DC8CC00F55B27 /* Forecast.swift */,
				52483517229DC67C00F55B27 /* SampleJson */,
				52483512229DBF8A00F55B27 /* Views */,
				52483511229DBF7D00F55B27 /* ViewControllers */,
				524834FF229DBCC300F55B27 /* AppDelegate.swift */,
				52483501229DBCC300F55B27 /* ViewController.swift */,
				52483503229DBCC300F55B27 /* Main.storyboard */,
				52483506229DBCC400F55B27 /* Assets.xcassets */,
				52483508229DBCC400F55B27 /* LaunchScreen.storyboard */,
				5248350B229DBCC400F55B27 /* Info.plist */,
			);
			path = Weather;
			sourceTree = "<group>";
		};
		52483511229DBF7D00F55B27 /* ViewControllers */ = {
			isa = PBXGroup;
			children = (
				52483513229DBFAA00F55B27 /* ForecastTableViewController.swift */,
				5249D274229DD90800810730 /* DailyForecastViewModel.swift */,
			);
			path = ViewControllers;
			sourceTree = "<group>";
		};
		52483512229DBF8A00F55B27 /* Views */ = {
			isa = PBXGroup;
			children = (
				52483515229DBFCC00F55B27 /* DailyForecastTableViewCell.swift */,
			);
			path = Views;
			sourceTree = "<group>";
		};
		52483517229DC67C00F55B27 /* SampleJson */ = {
			isa = PBXGroup;
			children = (
				52483518229DC68B00F55B27 /* forecast.json */,
			);
			path = SampleJson;
			sourceTree = "<group>";
		};
		5249D26C229DCEB800810730 /* Services */ = {
			isa = PBXGroup;
			children = (
				5249D26D229DCECD00810730 /* LocationService.swift */,
				5249D26F229DD41100810730 /* ForecastProvider.swift */,
			);
			path = Services;
			sourceTree = "<group>";
		};
		5249D271229DD5CA00810730 /* Config */ = {
			isa = PBXGroup;
			children = (
				5249D272229DD5DB00810730 /* Debug-Config.xcconfig */,
			);
			path = Config;
			sourceTree = "<group>";
		};
		DBB98DEF8BFB95C1F9232067 /* Frameworks */ = {
			isa = PBXGroup;
			children = (
				6AB4A93A5193F14C0ACF2649 /* Pods_Weather.framework */,
			);
			name = Frameworks;
			sourceTree = "<group>";
		};
/* End PBXGroup section */

/* Begin PBXNativeTarget section */
		524834FB229DBCC300F55B27 /* Weather */ = {
			isa = PBXNativeTarget;
			buildConfigurationList = 5248350E229DBCC400F55B27 /* Build configuration list for PBXNativeTarget "Weather" */;
			buildPhases = (
				F48E19018F55409202C7A695 /* [CP] Check Pods Manifest.lock */,
				524834F8229DBCC300F55B27 /* Sources */,
				524834F9229DBCC300F55B27 /* Frameworks */,
				524834FA229DBCC300F55B27 /* Resources */,
				5248351A229DC69C00F55B27 /* Quicktype */,
				67441938E077A42DA224DBEA /* [CP] Embed Pods Frameworks */,
			);
			buildRules = (
			);
			dependencies = (
			);
			name = Weather;
			productName = Weather;
			productReference = 524834FC229DBCC300F55B27 /* Weather.app */;
			productType = "com.apple.product-type.application";
		};
/* End PBXNativeTarget section */

/* Begin PBXProject section */
		524834F4229DBCC300F55B27 /* Project object */ = {
			isa = PBXProject;
			attributes = {
				LastSwiftUpdateCheck = 1020;
				LastUpgradeCheck = 1020;
				ORGANIZATIONNAME = "John O'Connell";
				TargetAttributes = {
					524834FB229DBCC300F55B27 = {
						CreatedOnToolsVersion = 10.2.1;
					};
				};
			};
			buildConfigurationList = 524834F7229DBCC300F55B27 /* Build configuration list for PBXProject "Weather" */;
			compatibilityVersion = "Xcode 9.3";
			developmentRegion = en;
			hasScannedForEncodings = 0;
			knownRegions = (
				en,
				Base,
			);
			mainGroup = 524834F3229DBCC300F55B27;
			productRefGroup = 524834FD229DBCC300F55B27 /* Products */;
			projectDirPath = "";
			projectRoot = "";
			targets = (
				524834FB229DBCC300F55B27 /* Weather */,
			);
		};
/* End PBXProject section */

/* Begin PBXResourcesBuildPhase section */
		524834FA229DBCC300F55B27 /* Resources */ = {
			isa = PBXResourcesBuildPhase;
			buildActionMask = 2147483647;
			files = (
				5248351E229DCAA600F55B27 /* Podfile in Resources */,
				52483519229DC68B00F55B27 /* forecast.json in Resources */,
				5249D273229DD5DB00810730 /* Debug-Config.xcconfig in Resources */,
				5248350A229DBCC400F55B27 /* LaunchScreen.storyboard in Resources */,
				52483507229DBCC400F55B27 /* Assets.xcassets in Resources */,
				52483505229DBCC300F55B27 /* Main.storyboard in Resources */,
			);
			runOnlyForDeploymentPostprocessing = 0;
		};
/* End PBXResourcesBuildPhase section */

/* Begin PBXShellScriptBuildPhase section */
		5248351A229DC69C00F55B27 /* Quicktype */ = {
			isa = PBXShellScriptBuildPhase;
			buildActionMask = 2147483647;
			files = (
			);
			inputFileListPaths = (
			);
			inputPaths = (
			);
			name = Quicktype;
			outputFileListPaths = (
			);
			outputPaths = (
			);
			runOnlyForDeploymentPostprocessing = 0;
			shellPath = /bin/sh;
			shellScript = "# quicktype Weather/SampleJson/forecast.json -o Weather/Forecast.swift --no-enums\n";
		};
		67441938E077A42DA224DBEA /* [CP] Embed Pods Frameworks */ = {
			isa = PBXShellScriptBuildPhase;
			buildActionMask = 2147483647;
			files = (
			);
			inputFileListPaths = (
				"${PODS_ROOT}/Target Support Files/Pods-Weather/Pods-Weather-frameworks-${CONFIGURATION}-input-files.xcfilelist",
			);
			name = "[CP] Embed Pods Frameworks";
			outputFileListPaths = (
				"${PODS_ROOT}/Target Support Files/Pods-Weather/Pods-Weather-frameworks-${CONFIGURATION}-output-files.xcfilelist",
			);
			runOnlyForDeploymentPostprocessing = 0;
			shellPath = /bin/sh;
			shellScript = "\"${PODS_ROOT}/Target Support Files/Pods-Weather/Pods-Weather-frameworks.sh\"\n";
			showEnvVarsInLog = 0;
		};
		F48E19018F55409202C7A695 /* [CP] Check Pods Manifest.lock */ = {
			isa = PBXShellScriptBuildPhase;
			buildActionMask = 2147483647;
			files = (
			);
			inputFileListPaths = (
			);
			inputPaths = (
				"${PODS_PODFILE_DIR_PATH}/Podfile.lock",
				"${PODS_ROOT}/Manifest.lock",
			);
			name = "[CP] Check Pods Manifest.lock";
			outputFileListPaths = (
			);
			outputPaths = (
				"$(DERIVED_FILE_DIR)/Pods-Weather-checkManifestLockResult.txt",
			);
			runOnlyForDeploymentPostprocessing = 0;
			shellPath = /bin/sh;
			shellScript = "diff \"${PODS_PODFILE_DIR_PATH}/Podfile.lock\" \"${PODS_ROOT}/Manifest.lock\" > /dev/null\nif [ $? != 0 ] ; then\n    # print error to STDERR\n    echo \"error: The sandbox is not in sync with the Podfile.lock. Run 'pod install' or update your CocoaPods installation.\" >&2\n    exit 1\nfi\n# This output is used by Xcode 'outputs' to avoid re-running this script phase.\necho \"SUCCESS\" > \"${SCRIPT_OUTPUT_FILE_0}\"\n";
			showEnvVarsInLog = 0;
		};
/* End PBXShellScriptBuildPhase section */

/* Begin PBXSourcesBuildPhase section */
		524834F8229DBCC300F55B27 /* Sources */ = {
			isa = PBXSourcesBuildPhase;
			buildActionMask = 2147483647;
			files = (
				52483516229DBFCC00F55B27 /* DailyForecastTableViewCell.swift in Sources */,
				52483514229DBFAA00F55B27 /* ForecastTableViewController.swift in Sources */,
				52483502229DBCC300F55B27 /* ViewController.swift in Sources */,
				5249D270229DD41100810730 /* ForecastProvider.swift in Sources */,
				52483500229DBCC300F55B27 /* AppDelegate.swift in Sources */,
				5249D275229DD90800810730 /* DailyForecastViewModel.swift in Sources */,
				5249D26E229DCECD00810730 /* LocationService.swift in Sources */,
				5248351C229DC8CC00F55B27 /* Forecast.swift in Sources */,
			);
			runOnlyForDeploymentPostprocessing = 0;
		};
/* End PBXSourcesBuildPhase section */

/* Begin PBXVariantGroup section */
		52483503229DBCC300F55B27 /* Main.storyboard */ = {
			isa = PBXVariantGroup;
			children = (
				52483504229DBCC300F55B27 /* Base */,
			);
			name = Main.storyboard;
			sourceTree = "<group>";
		};
		52483508229DBCC400F55B27 /* LaunchScreen.storyboard */ = {
			isa = PBXVariantGroup;
			children = (
				52483509229DBCC400F55B27 /* Base */,
			);
			name = LaunchScreen.storyboard;
			sourceTree = "<group>";
		};
/* End PBXVariantGroup section */

/* Begin XCBuildConfiguration section */
		5248350C229DBCC400F55B27 /* Debug */ = {
			isa = XCBuildConfiguration;
			baseConfigurationReference = 5249D272229DD5DB00810730 /* Debug-Config.xcconfig */;
			buildSettings = {
				ALWAYS_SEARCH_USER_PATHS = NO;
				CLANG_ANALYZER_NONNULL = YES;
				CLANG_ANALYZER_NUMBER_OBJECT_CONVERSION = YES_AGGRESSIVE;
				CLANG_CXX_LANGUAGE_STANDARD = "gnu++14";
				CLANG_CXX_LIBRARY = "libc++";
				CLANG_ENABLE_MODULES = YES;
				CLANG_ENABLE_OBJC_ARC = YES;
				CLANG_ENABLE_OBJC_WEAK = YES;
				CLANG_WARN_BLOCK_CAPTURE_AUTORELEASING = YES;
				CLANG_WARN_BOOL_CONVERSION = YES;
				CLANG_WARN_COMMA = YES;
				CLANG_WARN_CONSTANT_CONVERSION = YES;
				CLANG_WARN_DEPRECATED_OBJC_IMPLEMENTATIONS = YES;
				CLANG_WARN_DIRECT_OBJC_ISA_USAGE = YES_ERROR;
				CLANG_WARN_DOCUMENTATION_COMMENTS = YES;
				CLANG_WARN_EMPTY_BODY = YES;
				CLANG_WARN_ENUM_CONVERSION = YES;
				CLANG_WARN_INFINITE_RECURSION = YES;
				CLANG_WARN_INT_CONVERSION = YES;
				CLANG_WARN_NON_LITERAL_NULL_CONVERSION = YES;
				CLANG_WARN_OBJC_IMPLICIT_RETAIN_SELF = YES;
				CLANG_WARN_OBJC_LITERAL_CONVERSION = YES;
				CLANG_WARN_OBJC_ROOT_CLASS = YES_ERROR;
				CLANG_WARN_RANGE_LOOP_ANALYSIS = YES;
				CLANG_WARN_STRICT_PROTOTYPES = YES;
				CLANG_WARN_SUSPICIOUS_MOVE = YES;
				CLANG_WARN_UNGUARDED_AVAILABILITY = YES_AGGRESSIVE;
				CLANG_WARN_UNREACHABLE_CODE = YES;
				CLANG_WARN__DUPLICATE_METHOD_MATCH = YES;
				CODE_SIGN_IDENTITY = "iPhone Developer";
				COPY_PHASE_STRIP = NO;
				DEBUG_INFORMATION_FORMAT = dwarf;
				ENABLE_STRICT_OBJC_MSGSEND = YES;
				ENABLE_TESTABILITY = YES;
				GCC_C_LANGUAGE_STANDARD = gnu11;
				GCC_DYNAMIC_NO_PIC = NO;
				GCC_NO_COMMON_BLOCKS = YES;
				GCC_OPTIMIZATION_LEVEL = 0;
				GCC_PREPROCESSOR_DEFINITIONS = (
					"DEBUG=1",
					"$(inherited)",
				);
				GCC_WARN_64_TO_32_BIT_CONVERSION = YES;
				GCC_WARN_ABOUT_RETURN_TYPE = YES_ERROR;
				GCC_WARN_UNDECLARED_SELECTOR = YES;
				GCC_WARN_UNINITIALIZED_AUTOS = YES_AGGRESSIVE;
				GCC_WARN_UNUSED_FUNCTION = YES;
				GCC_WARN_UNUSED_VARIABLE = YES;
				IPHONEOS_DEPLOYMENT_TARGET = 12.2;
				MTL_ENABLE_DEBUG_INFO = INCLUDE_SOURCE;
				MTL_FAST_MATH = YES;
				ONLY_ACTIVE_ARCH = YES;
				SDKROOT = iphoneos;
				SWIFT_ACTIVE_COMPILATION_CONDITIONS = DEBUG;
				SWIFT_OPTIMIZATION_LEVEL = "-Onone";
			};
			name = Debug;
		};
		5248350D229DBCC400F55B27 /* Release */ = {
			isa = XCBuildConfiguration;
			buildSettings = {
				ALWAYS_SEARCH_USER_PATHS = NO;
				CLANG_ANALYZER_NONNULL = YES;
				CLANG_ANALYZER_NUMBER_OBJECT_CONVERSION = YES_AGGRESSIVE;
				CLANG_CXX_LANGUAGE_STANDARD = "gnu++14";
				CLANG_CXX_LIBRARY = "libc++";
				CLANG_ENABLE_MODULES = YES;
				CLANG_ENABLE_OBJC_ARC = YES;
				CLANG_ENABLE_OBJC_WEAK = YES;
				CLANG_WARN_BLOCK_CAPTURE_AUTORELEASING = YES;
				CLANG_WARN_BOOL_CONVERSION = YES;
				CLANG_WARN_COMMA = YES;
				CLANG_WARN_CONSTANT_CONVERSION = YES;
				CLANG_WARN_DEPRECATED_OBJC_IMPLEMENTATIONS = YES;
				CLANG_WARN_DIRECT_OBJC_ISA_USAGE = YES_ERROR;
				CLANG_WARN_DOCUMENTATION_COMMENTS = YES;
				CLANG_WARN_EMPTY_BODY = YES;
				CLANG_WARN_ENUM_CONVERSION = YES;
				CLANG_WARN_INFINITE_RECURSION = YES;
				CLANG_WARN_INT_CONVERSION = YES;
				CLANG_WARN_NON_LITERAL_NULL_CONVERSION = YES;
				CLANG_WARN_OBJC_IMPLICIT_RETAIN_SELF = YES;
				CLANG_WARN_OBJC_LITERAL_CONVERSION = YES;
				CLANG_WARN_OBJC_ROOT_CLASS = YES_ERROR;
				CLANG_WARN_RANGE_LOOP_ANALYSIS = YES;
				CLANG_WARN_STRICT_PROTOTYPES = YES;
				CLANG_WARN_SUSPICIOUS_MOVE = YES;
				CLANG_WARN_UNGUARDED_AVAILABILITY = YES_AGGRESSIVE;
				CLANG_WARN_UNREACHABLE_CODE = YES;
				CLANG_WARN__DUPLICATE_METHOD_MATCH = YES;
				CODE_SIGN_IDENTITY = "iPhone Developer";
				COPY_PHASE_STRIP = NO;
				DEBUG_INFORMATION_FORMAT = "dwarf-with-dsym";
				ENABLE_NS_ASSERTIONS = NO;
				ENABLE_STRICT_OBJC_MSGSEND = YES;
				GCC_C_LANGUAGE_STANDARD = gnu11;
				GCC_NO_COMMON_BLOCKS = YES;
				GCC_WARN_64_TO_32_BIT_CONVERSION = YES;
				GCC_WARN_ABOUT_RETURN_TYPE = YES_ERROR;
				GCC_WARN_UNDECLARED_SELECTOR = YES;
				GCC_WARN_UNINITIALIZED_AUTOS = YES_AGGRESSIVE;
				GCC_WARN_UNUSED_FUNCTION = YES;
				GCC_WARN_UNUSED_VARIABLE = YES;
				IPHONEOS_DEPLOYMENT_TARGET = 12.2;
				MTL_ENABLE_DEBUG_INFO = NO;
				MTL_FAST_MATH = YES;
				SDKROOT = iphoneos;
				SWIFT_COMPILATION_MODE = wholemodule;
				SWIFT_OPTIMIZATION_LEVEL = "-O";
				VALIDATE_PRODUCT = YES;
			};
			name = Release;
		};
		5248350F229DBCC400F55B27 /* Debug */ = {
			isa = XCBuildConfiguration;
			baseConfigurationReference = 7680A7A22543C651549FCE15 /* Pods-Weather.debug.xcconfig */;
			buildSettings = {
				ASSETCATALOG_COMPILER_APPICON_NAME = AppIcon;
				CODE_SIGN_STYLE = Automatic;
				DEVELOPMENT_TEAM = JJ7SE7WDFM;
				INFOPLIST_FILE = Weather/Info.plist;
				LD_RUNPATH_SEARCH_PATHS = (
					"$(inherited)",
					"@executable_path/Frameworks",
				);
				PRODUCT_BUNDLE_IDENTIFIER = com.regalsweb.Weather;
				PRODUCT_NAME = "$(TARGET_NAME)";
				SWIFT_VERSION = 5.0;
				TARGETED_DEVICE_FAMILY = "1,2";
			};
			name = Debug;
		};
		52483510229DBCC400F55B27 /* Release */ = {
			isa = XCBuildConfiguration;
			baseConfigurationReference = 82BE7D2BC8B8DECDAE5E9D9E /* Pods-Weather.release.xcconfig */;
			buildSettings = {
				ASSETCATALOG_COMPILER_APPICON_NAME = AppIcon;
				CODE_SIGN_STYLE = Automatic;
				DEVELOPMENT_TEAM = JJ7SE7WDFM;
				INFOPLIST_FILE = Weather/Info.plist;
				LD_RUNPATH_SEARCH_PATHS = (
					"$(inherited)",
					"@executable_path/Frameworks",
				);
				PRODUCT_BUNDLE_IDENTIFIER = com.regalsweb.Weather;
				PRODUCT_NAME = "$(TARGET_NAME)";
				SWIFT_VERSION = 5.0;
				TARGETED_DEVICE_FAMILY = "1,2";
			};
			name = Release;
		};
/* End XCBuildConfiguration section */

/* Begin XCConfigurationList section */
		524834F7229DBCC300F55B27 /* Build configuration list for PBXProject "Weather" */ = {
			isa = XCConfigurationList;
			buildConfigurations = (
				5248350C229DBCC400F55B27 /* Debug */,
				5248350D229DBCC400F55B27 /* Release */,
			);
			defaultConfigurationIsVisible = 0;
			defaultConfigurationName = Release;
		};
		5248350E229DBCC400F55B27 /* Build configuration list for PBXNativeTarget "Weather" */ = {
			isa = XCConfigurationList;
			buildConfigurations = (
				5248350F229DBCC400F55B27 /* Debug */,
				52483510229DBCC400F55B27 /* Release */,
			);
			defaultConfigurationIsVisible = 0;
			defaultConfigurationName = Release;
		};
/* End XCConfigurationList section */
	};
	rootObject = 524834F4229DBCC300F55B27 /* Project object */;
}
